
Microsoft Visual Studio Solution File, Format Version 12.00
# Visual Studio Version 16
VisualStudioVersion = 16.0.30011.22
MinimumVisualStudioVersion = 10.0.40219.1
Project("{9A19103F-16F7-4668-BE54-9A1E7A4F7556}") = "Rental.Website", "Rental.Website\Rental.Website.csproj", "{BEEE4CB2-7BA9-4D59-8900-0CB7C90B8C18}"
EndProject
Project("{FAE04EC0-301F-11D3-BF4B-00C04F79EFBC}") = "Rental.APIClient", "APIClient\Rental.APIClient\Rental.APIClient.csproj", "{2B7F655A-3321-4E69-BEE9-26F54F3EC1BD}"
EndProject
Project("{FAE04EC0-301F-11D3-BF4B-00C04F79EFBC}") = "Rental.Schema", "Schema\Rental.Schema\Rental.Schema.csproj", "{C7EF163D-EFEF-46C8-82D0-9C78BB4C78FE}"
EndProject
Global
	GlobalSection(SolutionConfigurationPlatforms) = preSolution
		Debug|Any CPU = Debug|Any CPU
		Release|Any CPU = Release|Any CPU
	EndGlobalSection
	GlobalSection(ProjectConfigurationPlatforms) = postSolution
		{BEEE4CB2-7BA9-4D59-8900-0CB7C90B8C18}.Debug|Any CPU.ActiveCfg = Debug|Any CPU
		{BEEE4CB2-7BA9-4D59-8900-0CB7C90B8C18}.Debug|Any CPU.Build.0 = Debug|Any CPU
		{BEEE4CB2-7BA9-4D59-8900-0CB7C90B8C18}.Release|Any CPU.ActiveCfg = Release|Any CPU
		{BEEE4CB2-7BA9-4D59-8900-0CB7C90B8C18}.Release|Any CPU.Build.0 = Release|Any CPU
		{2B7F655A-3321-4E69-BEE9-26F54F3EC1BD}.Debug|Any CPU.ActiveCfg = Debug|Any CPU
		{2B7F655A-3321-4E69-BEE9-26F54F3EC1BD}.Debug|Any CPU.Build.0 = Debug|Any CPU
		{2B7F655A-3321-4E69-BEE9-26F54F3EC1BD}.Release|Any CPU.ActiveCfg = Release|Any CPU
		{2B7F655A-3321-4E69-BEE9-26F54F3EC1BD}.Release|Any CPU.Build.0 = Release|Any CPU
		{C7EF163D-EFEF-46C8-82D0-9C78BB4C78FE}.Debug|Any CPU.ActiveCfg = Debug|Any CPU
		{C7EF163D-EFEF-46C8-82D0-9C78BB4C78FE}.Debug|Any CPU.Build.0 = Debug|Any CPU
		{C7EF163D-EFEF-46C8-82D0-9C78BB4C78FE}.Release|Any CPU.ActiveCfg = Release|Any CPU
		{C7EF163D-EFEF-46C8-82D0-9C78BB4C78FE}.Release|Any CPU.Build.0 = Release|Any CPU
	EndGlobalSection
	GlobalSection(SolutionProperties) = preSolution
		HideSolutionNode = FALSE
	EndGlobalSection
	GlobalSection(ExtensibilityGlobals) = postSolution
		SolutionGuid = {D25EBB1F-3D94-4101-9A5D-B38002ADA793}
	EndGlobalSection
EndGlobal
